<Solution>
    <Folder Name="/root/">
        <File Path=".editorconfig"/>
        <File Path=".gitignore"/>
        <File Path="global.json"/>
        <File Path="LICENSE"/>
        <File Path="Directory.Build.props"/>
        <File Path="TgLlmBot.slnx.DotSettings"/>
    </Folder>
    <Folder Name="/root/src/">
        <Project Path="src/TgLlmBot/TgLlmBot.csproj"/>
    </Folder>
</Solution>
